
Microsoft Visual Studio Solution File, Format Version 12.00
# Visual Studio Version 16
VisualStudioVersion = 16.0.30204.135
MinimumVisualStudioVersion = 10.0.40219.1
Project("{FAE04EC0-301F-11D3-BF4B-00C04F79EFBC}") = "EatCodeDesktop", "EatCodeDesktop\EatCodeDesktop.csproj", "{6133A71E-425B-4604-881D-C88FDD6C847C}"
EndProject
Project("{FAE04EC0-301F-11D3-BF4B-00C04F79EFBC}") = "Models", "Model\Models.csproj", "{3BD35E5C-C58A-46AD-B159-91FFA9331C1C}"
EndProject
Project("{FAE04EC0-301F-11D3-BF4B-00C04F79EFBC}") = "Common", "Common\Common.csproj", "{91BA3E95-780D-4F69-A7F9-B812EB7CE824}"
EndProject
Global
	GlobalSection(SolutionConfigurationPlatforms) = preSolution
		Debug|Any CPU = Debug|Any CPU
		Release|Any CPU = Release|Any CPU
	EndGlobalSection
	GlobalSection(ProjectConfigurationPlatforms) = postSolution
		{6133A71E-425B-4604-881D-C88FDD6C847C}.Debug|Any CPU.ActiveCfg = Debug|Any CPU
		{6133A71E-425B-4604-881D-C88FDD6C847C}.Debug|Any CPU.Build.0 = Debug|Any CPU
		{6133A71E-425B-4604-881D-C88FDD6C847C}.Release|Any CPU.ActiveCfg = Release|Any CPU
		{6133A71E-425B-4604-881D-C88FDD6C847C}.Release|Any CPU.Build.0 = Release|Any CPU
		{3BD35E5C-C58A-46AD-B159-91FFA9331C1C}.Debug|Any CPU.ActiveCfg = Debug|Any CPU
		{3BD35E5C-C58A-46AD-B159-91FFA9331C1C}.Debug|Any CPU.Build.0 = Debug|Any CPU
		{3BD35E5C-C58A-46AD-B159-91FFA9331C1C}.Release|Any CPU.ActiveCfg = Release|Any CPU
		{3BD35E5C-C58A-46AD-B159-91FFA9331C1C}.Release|Any CPU.Build.0 = Release|Any CPU
		{91BA3E95-780D-4F69-A7F9-B812EB7CE824}.Debug|Any CPU.ActiveCfg = Debug|Any CPU
		{91BA3E95-780D-4F69-A7F9-B812EB7CE824}.Debug|Any CPU.Build.0 = Debug|Any CPU
		{91BA3E95-780D-4F69-A7F9-B812EB7CE824}.Release|Any CPU.ActiveCfg = Release|Any CPU
		{91BA3E95-780D-4F69-A7F9-B812EB7CE824}.Release|Any CPU.Build.0 = Release|Any CPU
	EndGlobalSection
	GlobalSection(SolutionProperties) = preSolution
		HideSolutionNode = FALSE
	EndGlobalSection
	GlobalSection(ExtensibilityGlobals) = postSolution
		SolutionGuid = {8B3D3C3D-7DFB-4465-8BED-0145A13EA212}
	EndGlobalSection
EndGlobal
